
Microsoft Visual Studio Solution File, Format Version 12.00
# Visual Studio Version 16
VisualStudioVersion = 16.0.30204.135
MinimumVisualStudioVersion = 10.0.40219.1
Project("{FAE04EC0-301F-11D3-BF4B-00C04F79EFBC}") = "functionapp01_TestConsole", "functionapp01_TestConsole.csproj", "{B07B4146-F0CF-415C-BEC2-4E25871D9CCE}"
EndProject
Global
	GlobalSection(SolutionConfigurationPlatforms) = preSolution
		Debug|Any CPU = Debug|Any CPU
		Release|Any CPU = Release|Any CPU
	EndGlobalSection
	GlobalSection(ProjectConfigurationPlatforms) = postSolution
		{B07B4146-F0CF-415C-BEC2-4E25871D9CCE}.Debug|Any CPU.ActiveCfg = Debug|Any CPU
		{B07B4146-F0CF-415C-BEC2-4E25871D9CCE}.Debug|Any CPU.Build.0 = Debug|Any CPU
		{B07B4146-F0CF-415C-BEC2-4E25871D9CCE}.Release|Any CPU.ActiveCfg = Release|Any CPU
		{B07B4146-F0CF-415C-BEC2-4E25871D9CCE}.Release|Any CPU.Build.0 = Release|Any CPU
	EndGlobalSection
	GlobalSection(SolutionProperties) = preSolution
		HideSolutionNode = FALSE
	EndGlobalSection
	GlobalSection(ExtensibilityGlobals) = postSolution
		SolutionGuid = {7D1E2799-DFF1-4088-A09E-3E67933B2FD5}
	EndGlobalSection
EndGlobal
